
Microsoft Visual Studio Solution File, Format Version 12.00
# Visual Studio 2012
Project("{FAE04EC0-301F-11D3-BF4B-00C04F79EFBC}") = "neuroph_2.6", "2.6\neuroph_2.6.csproj", "{F5C6B0FA-C0EB-4746-87EF-7DCD7E363D78}"
EndProject
Project("{FAE04EC0-301F-11D3-BF4B-00C04F79EFBC}") = "TestApp", "TestApp\TestApp.csproj", "{E1CE0661-7C6F-4E67-BB4A-E40F223BA7C3}"
EndProject
Project("{FAE04EC0-301F-11D3-BF4B-00C04F79EFBC}") = "TestApp.UITests", "TestApp\TestApp.UITests\TestApp.UITests.csproj", "{D165AC83-6EF0-4552-B83B-489FD38A279D}"
EndProject
Project("{FAE04EC0-301F-11D3-BF4B-00C04F79EFBC}") = "neuroph_2.9", "2.9\neuroph_2.9.csproj", "{274C8ACD-FA0E-43A4-A193-EF2AE40ECD6C}"
EndProject
Global
	GlobalSection(SolutionConfigurationPlatforms) = preSolution
		Debug|Any CPU = Debug|Any CPU
		Release|Any CPU = Release|Any CPU
	EndGlobalSection
	GlobalSection(ProjectConfigurationPlatforms) = postSolution
		{F5C6B0FA-C0EB-4746-87EF-7DCD7E363D78}.Debug|Any CPU.ActiveCfg = Debug|Any CPU
		{F5C6B0FA-C0EB-4746-87EF-7DCD7E363D78}.Debug|Any CPU.Build.0 = Debug|Any CPU
		{F5C6B0FA-C0EB-4746-87EF-7DCD7E363D78}.Release|Any CPU.ActiveCfg = Release|Any CPU
		{F5C6B0FA-C0EB-4746-87EF-7DCD7E363D78}.Release|Any CPU.Build.0 = Release|Any CPU
		{E1CE0661-7C6F-4E67-BB4A-E40F223BA7C3}.Debug|Any CPU.ActiveCfg = Debug|Any CPU
		{E1CE0661-7C6F-4E67-BB4A-E40F223BA7C3}.Debug|Any CPU.Build.0 = Debug|Any CPU
		{E1CE0661-7C6F-4E67-BB4A-E40F223BA7C3}.Release|Any CPU.ActiveCfg = Release|Any CPU
		{E1CE0661-7C6F-4E67-BB4A-E40F223BA7C3}.Release|Any CPU.Build.0 = Release|Any CPU
		{D165AC83-6EF0-4552-B83B-489FD38A279D}.Debug|Any CPU.ActiveCfg = Debug|Any CPU
		{D165AC83-6EF0-4552-B83B-489FD38A279D}.Debug|Any CPU.Build.0 = Debug|Any CPU
		{D165AC83-6EF0-4552-B83B-489FD38A279D}.Release|Any CPU.ActiveCfg = Release|Any CPU
		{D165AC83-6EF0-4552-B83B-489FD38A279D}.Release|Any CPU.Build.0 = Release|Any CPU
		{274C8ACD-FA0E-43A4-A193-EF2AE40ECD6C}.Debug|Any CPU.ActiveCfg = Debug|Any CPU
		{274C8ACD-FA0E-43A4-A193-EF2AE40ECD6C}.Debug|Any CPU.Build.0 = Debug|Any CPU
		{274C8ACD-FA0E-43A4-A193-EF2AE40ECD6C}.Release|Any CPU.ActiveCfg = Release|Any CPU
		{274C8ACD-FA0E-43A4-A193-EF2AE40ECD6C}.Release|Any CPU.Build.0 = Release|Any CPU
	EndGlobalSection
EndGlobal
